
Microsoft Visual Studio Solution File, Format Version 12.00
# Visual Studio Version 16
VisualStudioVersion = 16.0.31410.357
MinimumVisualStudioVersion = 10.0.40219.1
Project("{FAE04EC0-301F-11D3-BF4B-00C04F79EFBC}") = "Win11BypassTPMassistant", "Win11BypassTPMassistant\Win11BypassTPMassistant.csproj", "{0CC48ED7-6F1E-4956-BCC9-49E2237991D8}"
EndProject
Global
	GlobalSection(SolutionConfigurationPlatforms) = preSolution
		Debug|Any CPU = Debug|Any CPU
		Release|Any CPU = Release|Any CPU
	EndGlobalSection
	GlobalSection(ProjectConfigurationPlatforms) = postSolution
		{0CC48ED7-6F1E-4956-BCC9-49E2237991D8}.Debug|Any CPU.ActiveCfg = Debug|Any CPU
		{0CC48ED7-6F1E-4956-BCC9-49E2237991D8}.Debug|Any CPU.Build.0 = Debug|Any CPU
		{0CC48ED7-6F1E-4956-BCC9-49E2237991D8}.Release|Any CPU.ActiveCfg = Release|Any CPU
		{0CC48ED7-6F1E-4956-BCC9-49E2237991D8}.Release|Any CPU.Build.0 = Release|Any CPU
	EndGlobalSection
	GlobalSection(SolutionProperties) = preSolution
		HideSolutionNode = FALSE
	EndGlobalSection
	GlobalSection(ExtensibilityGlobals) = postSolution
		SolutionGuid = {C0862863-5AF3-48AD-91D4-9023DA662E4A}
	EndGlobalSection
EndGlobal
